
Microsoft Visual Studio Solution File, Format Version 12.00
# Visual Studio Version 17
VisualStudioVersion = 17.5.33516.290
MinimumVisualStudioVersion = 10.0.40219.1
Project("{FAE04EC0-301F-11D3-BF4B-00C04F79EFBC}") = "CapaNegocio", "CapaNegocio\CapaNegocio.csproj", "{189DC36A-33DC-40F9-BD70-C55717E4F095}"
EndProject
Project("{FAE04EC0-301F-11D3-BF4B-00C04F79EFBC}") = "CapaPrensentacion", "CapaPrensentacion\CapaPrensentacion.csproj", "{763FCDCC-9538-4E8E-9E7C-5C1B5ED09C82}"
EndProject
Global
	GlobalSection(SolutionConfigurationPlatforms) = preSolution
		Debug|Any CPU = Debug|Any CPU
		Release|Any CPU = Release|Any CPU
	EndGlobalSection
	GlobalSection(ProjectConfigurationPlatforms) = postSolution
		{189DC36A-33DC-40F9-BD70-C55717E4F095}.Debug|Any CPU.ActiveCfg = Debug|Any CPU
		{189DC36A-33DC-40F9-BD70-C55717E4F095}.Debug|Any CPU.Build.0 = Debug|Any CPU
		{189DC36A-33DC-40F9-BD70-C55717E4F095}.Release|Any CPU.ActiveCfg = Release|Any CPU
		{189DC36A-33DC-40F9-BD70-C55717E4F095}.Release|Any CPU.Build.0 = Release|Any CPU
		{763FCDCC-9538-4E8E-9E7C-5C1B5ED09C82}.Debug|Any CPU.ActiveCfg = Debug|Any CPU
		{763FCDCC-9538-4E8E-9E7C-5C1B5ED09C82}.Debug|Any CPU.Build.0 = Debug|Any CPU
		{763FCDCC-9538-4E8E-9E7C-5C1B5ED09C82}.Release|Any CPU.ActiveCfg = Release|Any CPU
		{763FCDCC-9538-4E8E-9E7C-5C1B5ED09C82}.Release|Any CPU.Build.0 = Release|Any CPU
	EndGlobalSection
	GlobalSection(SolutionProperties) = preSolution
		HideSolutionNode = FALSE
	EndGlobalSection
	GlobalSection(ExtensibilityGlobals) = postSolution
		SolutionGuid = {70A6B1F9-857E-4E07-B241-EB815E85A4CB}
	EndGlobalSection
EndGlobal
